{"1.1.0",
[{<<"autotree">>,
  {git,"https://github.com/Littlelies/autotree.git",
       {ref,"a0730335d02609a157711904e2fd99eb13837042"}},
  0},
 {<<"base64url">>,{pkg,<<"base64url">>,<<"0.0.1">>},1},
 {<<"cowboy">>,
  {git,"https://github.com/ninenines/cowboy",
       {ref,"80f8cda7ff8fe6a575b4c2eaedd8451acf4fcef3"}},
  0},
 {<<"cowlib">>,
  {git,"https://github.com/ninenines/cowlib",
       {ref,"0e7abe0b24593f131add272c275406d8ed231805"}},
  1},
 {<<"fs">>,
  {git,"https://github.com/synrc/fs.git",
       {ref,"7367b7df4985d25c42551933601a7bea313ca255"}},
  0},
 {<<"goldrush">>,{pkg,<<"goldrush">>,<<"0.1.9">>},1},
 {<<"gun">>,
  {git,"https://github.com/ninenines/gun.git",
       {ref,"bc733a2ca5f7d07f997ad6edf184f775b23434aa"}},
  0},
 {<<"jsx">>,{pkg,<<"jsx">>,<<"2.8.0">>},1},
 {<<"jwt">>,{pkg,<<"jwt">>,<<"0.1.3">>},0},
 {<<"lager">>,{pkg,<<"lager">>,<<"3.2.4">>},0},
 {<<"ranch">>,
  {git,"https://github.com/ninenines/ranch",
       {ref,"40809cd2b257a8a53bcb5588ecaa88cc5381ff5c"}},
  1}]}.
[
{pkg_hash,[
 {<<"base64url">>, <<"36A90125F5948E3AFD7BE97662A1504B934DD5DAC78451CA6E9ABF85A10286BE">>},
 {<<"goldrush">>, <<"F06E5D5F1277DA5C413E84D5A2924174182FB108DABB39D5EC548B27424CD106">>},
 {<<"jsx">>, <<"749BEC6D205C694AE1786D62CEA6CC45A390437E24835FD16D12D74F07097727">>},
 {<<"jwt">>, <<"FDA326D06A88C75CDFC58EE64516EDDD100138082E99E26ED38BFFB600422A9E">>},
 {<<"lager">>, <<"A6DEB74DAE7927F46BD13255268308EF03EB206EC784A94EAF7C1C0F3B811615">>}]}
].
